lockfileVersion: '9.0'

settings:
  autoInstallPeers: true
  excludeLinksFromLockfile: false

importers:

  .:
    dependencies:
      '@elysiajs/node':
        specifier: ^1.4.4
        version: 1.4.4(elysia@1.4.25(@sinclair/typebox@0.34.48)(exact-mirror@0.2.7(@sinclair/typebox@0.34.48))(file-type@21.3.0)(openapi-types@12.1.3)(typescript@5.9.3))
      '@elysiajs/swagger':
        specifier: ^1.3.1
        version: 1.3.1(elysia@1.4.25(@sinclair/typebox@0.34.48)(exact-mirror@0.2.7(@sinclair/typebox@0.34.48))(file-type@21.3.0)(openapi-types@12.1.3)(typescript@5.9.3))
      '@rf24/rf24':
        specifier: ^0.3.3
        version: 0.3.3
      dotenv:
        specifier: ^17.3.1
        version: 17.3.1
      elysia:
        specifier: ^1.4.25
        version: 1.4.25(@sinclair/typebox@0.34.48)(exact-mirror@0.2.7(@sinclair/typebox@0.34.48))(file-type@21.3.0)(openapi-types@12.1.3)(typescript@5.9.3)
      rpio:
        specifier: ^2.4.2
        version: 2.4.2
    devDependencies:
      '@types/node':
        specifier: ^25.2.0
        version: 25.2.0
      '@types/rpio':
        specifier: ^2.4.6
        version: 2.4.6
      tsx:
        specifier: ^4.21.0
        version: 4.21.0
      typescript:
        specifier: ^5.9.3
        version: 5.9.3

packages:

  '@borewit/text-codec@0.2.1':
    resolution: {integrity: sha512-k7vvKPbf7J2fZ5klGRD9AeKfUvojuZIQ3BT5u7Jfv+puwXkUBUT5PVyMDfJZpy30CBDXGMgw7fguK/lpOMBvgw==}

  '@elysiajs/node@1.4.4':
    resolution: {integrity: sha512-DIvieF/5eR87AMoGq09dI/lrKB0wmP/VjrjZiEsFSSRBX2XXleM5n2M42P5Q97VI47frTWATf34u4HWxzH3zBA==}
    peerDependencies:
      elysia: '>= 1.4.0'

  '@elysiajs/swagger@1.3.1':
    resolution: {integrity: sha512-LcbLHa0zE6FJKWPWKsIC/f+62wbDv3aXydqcNPVPyqNcaUgwvCajIi+5kHEU6GO3oXUCpzKaMsb3gsjt8sLzFQ==}
    peerDependencies:
      elysia: '>= 1.3.0'

  '@esbuild/aix-ppc64@0.27.2':
    resolution: {integrity: sha512-GZMB+a0mOMZs4MpDbj8RJp4cw+w1WV5NYD6xzgvzUJ5Ek2jerwfO2eADyI6ExDSUED+1X8aMbegahsJi+8mgpw==}
    engines: {node: '>=18'}
    cpu: [ppc64]
    os: [aix]

  '@esbuild/android-arm64@0.27.2':
    resolution: {integrity: sha512-pvz8ZZ7ot/RBphf8fv60ljmaoydPU12VuXHImtAs0XhLLw+EXBi2BLe3OYSBslR4rryHvweW5gmkKFwTiFy6KA==}
    engines: {node: '>=18'}
    cpu: [arm64]
    os: [android]

  '@esbuild/android-arm@0.27.2':
    resolution: {integrity: sha512-DVNI8jlPa7Ujbr1yjU2PfUSRtAUZPG9I1RwW4F4xFB1Imiu2on0ADiI/c3td+KmDtVKNbi+nffGDQMfcIMkwIA==}
    engines: {node: '>=18'}
    cpu: [arm]
    os: [android]

  '@esbuild/android-x64@0.27.2':
    resolution: {integrity: sha512-z8Ank4Byh4TJJOh4wpz8g2vDy75zFL0TlZlkUkEwYXuPSgX8yzep596n6mT7905kA9uHZsf/o2OJZubl2l3M7A==}
    engines: {node: '>=18'}
    cpu: [x64]
    os: [android]

  '@esbuild/darwin-arm64@0.27.2':
    resolution: {integrity: sha512-davCD2Zc80nzDVRwXTcQP/28fiJbcOwvdolL0sOiOsbwBa72kegmVU0Wrh1MYrbuCL98Omp5dVhQFWRKR2ZAlg==}
    engines: {node: '>=18'}
    cpu: [arm64]
    os: [darwin]

  '@esbuild/darwin-x64@0.27.2':
    resolution: {integrity: sha512-ZxtijOmlQCBWGwbVmwOF/UCzuGIbUkqB1faQRf5akQmxRJ1ujusWsb3CVfk/9iZKr2L5SMU5wPBi1UWbvL+VQA==}
    engines: {node: '>=18'}
    cpu: [x64]
    os: [darwin]

  '@esbuild/freebsd-arm64@0.27.2':
    resolution: {integrity: sha512-lS/9CN+rgqQ9czogxlMcBMGd+l8Q3Nj1MFQwBZJyoEKI50XGxwuzznYdwcav6lpOGv5BqaZXqvBSiB/kJ5op+g==}
    engines: {node: '>=18'}
    cpu: [arm64]
    os: [freebsd]

  '@esbuild/freebsd-x64@0.27.2':
    resolution: {integrity: sha512-tAfqtNYb4YgPnJlEFu4c212HYjQWSO/w/h/lQaBK7RbwGIkBOuNKQI9tqWzx7Wtp7bTPaGC6MJvWI608P3wXYA==}
    engines: {node: '>=18'}
    cpu: [x64]
    os: [freebsd]

  '@esbuild/linux-arm64@0.27.2':
    resolution: {integrity: sha512-hYxN8pr66NsCCiRFkHUAsxylNOcAQaxSSkHMMjcpx0si13t1LHFphxJZUiGwojB1a/Hd5OiPIqDdXONia6bhTw==}
    engines: {node: '>=18'}
    cpu: [arm64]
    os: [linux]

  '@esbuild/linux-arm@0.27.2':
    resolution: {integrity: sha512-vWfq4GaIMP9AIe4yj1ZUW18RDhx6EPQKjwe7n8BbIecFtCQG4CfHGaHuh7fdfq+y3LIA2vGS/o9ZBGVxIDi9hw==}
    engines: {node: '>=18'}
    cpu: [arm]
    os: [linux]

  '@esbuild/linux-ia32@0.27.2':
    resolution: {integrity: sha512-MJt5BRRSScPDwG2hLelYhAAKh9imjHK5+NE/tvnRLbIqUWa+0E9N4WNMjmp/kXXPHZGqPLxggwVhz7QP8CTR8w==}
    engines: {node: '>=18'}
    cpu: [ia32]
    os: [linux]

  '@esbuild/linux-loong64@0.27.2':
    resolution: {integrity: sha512-lugyF1atnAT463aO6KPshVCJK5NgRnU4yb3FUumyVz+cGvZbontBgzeGFO1nF+dPueHD367a2ZXe1NtUkAjOtg==}
    engines: {node: '>=18'}
    cpu: [loong64]
    os: [linux]

  '@esbuild/linux-mips64el@0.27.2':
    resolution: {integrity: sha512-nlP2I6ArEBewvJ2gjrrkESEZkB5mIoaTswuqNFRv/WYd+ATtUpe9Y09RnJvgvdag7he0OWgEZWhviS1OTOKixw==}
    engines: {node: '>=18'}
    cpu: [mips64el]
    os: [linux]

  '@esbuild/linux-ppc64@0.27.2':
    resolution: {integrity: sha512-C92gnpey7tUQONqg1n6dKVbx3vphKtTHJaNG2Ok9lGwbZil6DrfyecMsp9CrmXGQJmZ7iiVXvvZH6Ml5hL6XdQ==}
    engines: {node: '>=18'}
    cpu: [ppc64]
    os: [linux]

  '@esbuild/linux-riscv64@0.27.2':
    resolution: {integrity: sha512-B5BOmojNtUyN8AXlK0QJyvjEZkWwy/FKvakkTDCziX95AowLZKR6aCDhG7LeF7uMCXEJqwa8Bejz5LTPYm8AvA==}
    engines: {node: '>=18'}
    cpu: [riscv64]
    os: [linux]

  '@esbuild/linux-s390x@0.27.2':
    resolution: {integrity: sha512-p4bm9+wsPwup5Z8f4EpfN63qNagQ47Ua2znaqGH6bqLlmJ4bx97Y9JdqxgGZ6Y8xVTixUnEkoKSHcpRlDnNr5w==}
    engines: {node: '>=18'}
    cpu: [s390x]
    os: [linux]

  '@esbuild/linux-x64@0.27.2':
    resolution: {integrity: sha512-uwp2Tip5aPmH+NRUwTcfLb+W32WXjpFejTIOWZFw/v7/KnpCDKG66u4DLcurQpiYTiYwQ9B7KOeMJvLCu/OvbA==}
    engines: {node: '>=18'}
    cpu: [x64]
    os: [linux]

  '@esbuild/netbsd-arm64@0.27.2':
    resolution: {integrity: sha512-Kj6DiBlwXrPsCRDeRvGAUb/LNrBASrfqAIok+xB0LxK8CHqxZ037viF13ugfsIpePH93mX7xfJp97cyDuTZ3cw==}
    engines: {node: '>=18'}
    cpu: [arm64]
    os: [netbsd]

  '@esbuild/netbsd-x64@0.27.2':
    resolution: {integrity: sha512-HwGDZ0VLVBY3Y+Nw0JexZy9o/nUAWq9MlV7cahpaXKW6TOzfVno3y3/M8Ga8u8Yr7GldLOov27xiCnqRZf0tCA==}
    engines: {node: '>=18'}
    cpu: [x64]
    os: [netbsd]

  '@esbuild/openbsd-arm64@0.27.2':
    resolution: {integrity: sha512-DNIHH2BPQ5551A7oSHD0CKbwIA/Ox7+78/AWkbS5QoRzaqlev2uFayfSxq68EkonB+IKjiuxBFoV8ESJy8bOHA==}
    engines: {node: '>=18'}
    cpu: [arm64]
    os: [openbsd]

  '@esbuild/openbsd-x64@0.27.2':
    resolution: {integrity: sha512-/it7w9Nb7+0KFIzjalNJVR5bOzA9Vay+yIPLVHfIQYG/j+j9VTH84aNB8ExGKPU4AzfaEvN9/V4HV+F+vo8OEg==}
    engines: {node: '>=18'}
    cpu: [x64]
    os: [openbsd]

  '@esbuild/openharmony-arm64@0.27.2':
    resolution: {integrity: sha512-LRBbCmiU51IXfeXk59csuX/aSaToeG7w48nMwA6049Y4J4+VbWALAuXcs+qcD04rHDuSCSRKdmY63sruDS5qag==}
    engines: {node: '>=18'}
    cpu: [arm64]
    os: [openharmony]

  '@esbuild/sunos-x64@0.27.2':
    resolution: {integrity: sha512-kMtx1yqJHTmqaqHPAzKCAkDaKsffmXkPHThSfRwZGyuqyIeBvf08KSsYXl+abf5HDAPMJIPnbBfXvP2ZC2TfHg==}
    engines: {node: '>=18'}
    cpu: [x64]
    os: [sunos]

  '@esbuild/win32-arm64@0.27.2':
    resolution: {integrity: sha512-Yaf78O/B3Kkh+nKABUF++bvJv5Ijoy9AN1ww904rOXZFLWVc5OLOfL56W+C8F9xn5JQZa3UX6m+IktJnIb1Jjg==}
    engines: {node: '>=18'}
    cpu: [arm64]
    os: [win32]

  '@esbuild/win32-ia32@0.27.2':
    resolution: {integrity: sha512-Iuws0kxo4yusk7sw70Xa2E2imZU5HoixzxfGCdxwBdhiDgt9vX9VUCBhqcwY7/uh//78A1hMkkROMJq9l27oLQ==}
    engines: {node: '>=18'}
    cpu: [ia32]
    os: [win32]

  '@esbuild/win32-x64@0.27.2':
    resolution: {integrity: sha512-sRdU18mcKf7F+YgheI/zGf5alZatMUTKj/jNS6l744f9u3WFu4v7twcUI9vu4mknF4Y9aDlblIie0IM+5xxaqQ==}
    engines: {node: '>=18'}
    cpu: [x64]
    os: [win32]

  '@rf24/rf24-darwin-arm64@0.3.3':
    resolution: {integrity: sha512-EB0W77fBfzlK7sUFj59dqQpYUqQIZGYDejQzmxsAGZ+wGSLBRzjGMM/1yMVUwBxLAz5cWsXtxyNanmoaX+0xYA==}
    engines: {node: '>= 10.16.0 < 11 || >= 11.8.0 < 12 || >= 12.0.0'}
    cpu: [arm64]
    os: [darwin]

  '@rf24/rf24-darwin-universal@0.3.3':
    resolution: {integrity: sha512-rLLsbyWEOn18f0Ut9vrPsml21wH/UPWOxJPK+AOhDwaAPf9R3+dyjTUAtMzRJXtMO8A8Ha3RkRcZUnEQTRQAMg==}
    engines: {node: '>= 10.16.0 < 11 || >= 11.8.0 < 12 || >= 12.0.0'}
    os: [darwin]

  '@rf24/rf24-darwin-x64@0.3.3':
    resolution: {integrity: sha512-Ks7gGWZSvTsB9K4f5I/q5i+1A+cCpqbcKPMZGdE7fCCqGXgQHsNOALfWqpcA6+jh6Vl4FXX4r5YmmlimrjHhPA==}
    engines: {node: '>= 10.16.0 < 11 || >= 11.8.0 < 12 || >= 12.0.0'}
    cpu: [x64]
    os: [darwin]

  '@rf24/rf24-freebsd-x64@0.3.3':
    resolution: {integrity: sha512-WiPWDvQ8AeUSSYucJ1ZcTJhGVGViGwU4rPNvHqpN0u7BXc4e0P7o51UboowUAcQgjM3fp+XmGVIGtgvLv7tR8g==}
    engines: {node: '>= 10.16.0 < 11 || >= 11.8.0 < 12 || >= 12.0.0'}
    cpu: [x64]
    os: [freebsd]

  '@rf24/rf24-linux-arm-gnueabihf@0.3.3':
    resolution: {integrity: sha512-KrXL/g+gcE3x3WTRKGR+RGg2wcpJTCElArZ9nLPYyB9yCPAG+qNGoaJMvmi1OMEDGTj+m/D3GZpJY2ewx6/1Gg==}
    engines: {node: '>= 10.16.0 < 11 || >= 11.8.0 < 12 || >= 12.0.0'}
    cpu: [arm]
    os: [linux]

  '@rf24/rf24-linux-arm64-gnu@0.3.3':
    resolution: {integrity: sha512-ISneyZpJprt5mPdR8FkUTKKQ4LWclVMsHrtIGjvLknhcNVcxrACqKfxolXGoPcqJevdR4igELdVK5nTWkAMR9Q==}
    engines: {node: '>= 10.16.0 < 11 || >= 11.8.0 < 12 || >= 12.0.0'}
    cpu: [arm64]
    os: [linux]
    libc: [glibc]

  '@rf24/rf24-linux-arm64-musl@0.3.3':
    resolution: {integrity: sha512-fLvv09Q7HZVMmdsFFyHQIHA7tlV7aIBW8Yjkr8+i96wfH99YRY0fFsgBr5xojpD3mSrhMgWi5PUj2r/kmA/qIA==}
    engines: {node: '>= 10.16.0 < 11 || >= 11.8.0 < 12 || >= 12.0.0'}
    cpu: [arm64]
    os: [linux]
    libc: [musl]

  '@rf24/rf24-linux-x64-gnu@0.3.3':
    resolution: {integrity: sha512-YDpC2OTaEMGJrnbvzzvQg0x1fq9+vUufsPciBW0QwS3IORs39BjxmHIeL55cTe3J1Kveu161sXdSlc0Xbau2jQ==}
    engines: {node: '>= 10.16.0 < 11 || >= 11.8.0 < 12 || >= 12.0.0'}
    cpu: [x64]
    os: [linux]
    libc: [glibc]

  '@rf24/rf24-linux-x64-musl@0.3.3':
    resolution: {integrity: sha512-cjvFNDDXROfQlFDosAUOJ/UCNSvuiX5wrGZUj8/K5bKCWSC3Sj3LALpA4oBEcp8DpNZXdO9m3fpCD/hDMDRDrA==}
    engines: {node: '>= 10.16.0 < 11 || >= 11.8.0 < 12 || >= 12.0.0'}
    cpu: [x64]
    os: [linux]
    libc: [musl]

  '@rf24/rf24-win32-arm64-msvc@0.3.3':
    resolution: {integrity: sha512-TTmEYd3aCIZxmA7kanLgfL+R49QoKMGsUyqjQRDLfYCfUADsGJOCqa/dYJ8C8c0IZrSLoNq59mbzY5QJYRPPdA==}
    engines: {node: '>= 10.16.0 < 11 || >= 11.8.0 < 12 || >= 12.0.0'}
    cpu: [arm64]
    os: [win32]

  '@rf24/rf24-win32-ia32-msvc@0.3.3':
    resolution: {integrity: sha512-fAEEWBmabAjYsT545FPs7nymfbCHTo4tHFK3Ceeft/r1QXKvHjkucrhwTg/NEVwLTWi/jNIDIDz2wnwDEaqj4w==}
    engines: {node: '>= 10.16.0 < 11 || >= 11.8.0 < 12 || >= 12.0.0'}
    cpu: [ia32]
    os: [win32]

  '@rf24/rf24-win32-x64-msvc@0.3.3':
    resolution: {integrity: sha512-ggQRp9TIDi7go1VWkbK42kWgxguhh4uSfhLnTZo7FXi6DwSMMCEqQtudHs8jTW49dwfLsKCoREuPEGpZtbhSPQ==}
    engines: {node: '>= 10.16.0 < 11 || >= 11.8.0 < 12 || >= 12.0.0'}
    cpu: [x64]
    os: [win32]

  '@rf24/rf24@0.3.3':
    resolution: {integrity: sha512-gAxq9of9PZQU3KoZslU9MtVBnPlPb4H0V7ODWI7i8OZpKNVJQ+Xv+tG9+u67RlBdr3fDfjl0okgWmi3YHn+V8A==}
    engines: {node: '>= 10.16.0 < 11 || >= 11.8.0 < 12 || >= 12.0.0'}
    os: [linux]

  '@scalar/openapi-types@0.1.1':
    resolution: {integrity: sha512-NMy3QNk6ytcCoPUGJH0t4NNr36OWXgZhA3ormr3TvhX1NDgoF95wFyodGVH8xiHeUyn2/FxtETm8UBLbB5xEmg==}
    engines: {node: '>=18'}

  '@scalar/openapi-types@0.2.0':
    resolution: {integrity: sha512-waiKk12cRCqyUCWTOX0K1WEVX46+hVUK+zRPzAahDJ7G0TApvbNkuy5wx7aoUyEk++HHde0XuQnshXnt8jsddA==}
    engines: {node: '>=18'}

  '@scalar/themes@0.9.86':
    resolution: {integrity: sha512-QUHo9g5oSWi+0Lm1vJY9TaMZRau8LHg+vte7q5BVTBnu6NuQfigCaN+ouQ73FqIVd96TwMO6Db+dilK1B+9row==}
    engines: {node: '>=18'}

  '@scalar/types@0.0.12':
    resolution: {integrity: sha512-XYZ36lSEx87i4gDqopQlGCOkdIITHHEvgkuJFrXFATQs9zHARop0PN0g4RZYWj+ZpCUclOcaOjbCt8JGe22mnQ==}
    engines: {node: '>=18'}

  '@scalar/types@0.1.7':
    resolution: {integrity: sha512-irIDYzTQG2KLvFbuTI8k2Pz/R4JR+zUUSykVTbEMatkzMmVFnn1VzNSMlODbadycwZunbnL2tA27AXed9URVjw==}
    engines: {node: '>=18'}

  '@sinclair/typebox@0.34.48':
    resolution: {integrity: sha512-kKJTNuK3AQOrgjjotVxMrCn1sUJwM76wMszfq1kdU4uYVJjvEWuFQ6HgvLt4Xz3fSmZlTOxJ/Ie13KnIcWQXFA==}

  '@tokenizer/inflate@0.4.1':
    resolution: {integrity: sha512-2mAv+8pkG6GIZiF1kNg1jAjh27IDxEPKwdGul3snfztFerfPGI1LjDezZp3i7BElXompqEtPmoPx6c2wgtWsOA==}
    engines: {node: '>=18'}

  '@tokenizer/token@0.3.0':
    resolution: {integrity: sha512-OvjF+z51L3ov0OyAU0duzsYuvO01PH7x4t6DJx+guahgTnBHkhJdG7soQeTSFLWN3efnHyibZ4Z8l2EuWwJN3A==}

  '@types/node@25.2.0':
    resolution: {integrity: sha512-DZ8VwRFUNzuqJ5khrvwMXHmvPe+zGayJhr2CDNiKB1WBE1ST8Djl00D0IC4vvNmHMdj6DlbYRIaFE7WHjlDl5w==}

  '@types/rpio@2.4.6':
    resolution: {integrity: sha512-lh0SY37xO7ZT+fifujwaUs6FzOzrPdz42CXS03UpMQK6afKhC9CIxtDcu0xXN9S9sohREuHLQH5XY2r5s1QL+w==}

  '@unhead/schema@1.11.20':
    resolution: {integrity: sha512-0zWykKAaJdm+/Y7yi/Yds20PrUK7XabLe9c3IRcjnwYmSWY6z0Cr19VIs3ozCj8P+GhR+/TI2mwtGlueCEYouA==}

  bindings@1.5.0:
    resolution: {integrity: sha512-p2q/t/mhvuOj/UeLlV6566GD/guowlr0hHxClI0W9m7MWYkL1F0hLo+0Aexs9HSPCtR1SXQ0TD3MMKrXZajbiQ==}

  cookie@1.1.1:
    resolution: {integrity: sha512-ei8Aos7ja0weRpFzJnEA9UHJ/7XQmqglbRwnf2ATjcB9Wq874VKH9kfjjirM6UhU2/E5fFYadylyhFldcqSidQ==}
    engines: {node: '>=18'}

  crossws@0.4.4:
    resolution: {integrity: sha512-w6c4OdpRNnudVmcgr7brb/+/HmYjMQvYToO/oTrprTwxRUiom3LYWU1PMWuD006okbUWpII1Ea9/+kwpUfmyRg==}
    peerDependencies:
      srvx: '>=0.7.1'
    peerDependenciesMeta:
      srvx:
        optional: true

  debug@4.4.3:
    resolution: {integrity: sha512-RGwwWnwQvkVfavKVt22FGLw+xYSdzARwm0ru6DhTVA3umU5hZc28V3kO4stgYryrTlLpuvgI9GiijltAjNbcqA==}
    engines: {node: '>=6.0'}
    peerDependencies:
      supports-color: '*'
    peerDependenciesMeta:
      supports-color:
        optional: true

  dotenv@17.3.1:
    resolution: {integrity: sha512-IO8C/dzEb6O3F9/twg6ZLXz164a2fhTnEWb95H23Dm4OuN+92NmEAlTrupP9VW6Jm3sO26tQlqyvyi4CsnY9GA==}
    engines: {node: '>=12'}

  elysia@1.4.25:
    resolution: {integrity: sha512-liKjavH99Gpzrv9cDil6uYWmPuqESfPFV1FIaFSd3iNqo3y7e29sN43VxFIK8tWWnyi6eDAmi2SZk8hNAMQMyg==}
    peerDependencies:
      '@sinclair/typebox': '>= 0.34.0 < 1'
      '@types/bun': '>= 1.2.0'
      exact-mirror: '>= 0.0.9'
      file-type: '>= 20.0.0'
      openapi-types: '>= 12.0.0'
      typescript: '>= 5.0.0'
    peerDependenciesMeta:
      '@types/bun':
        optional: true
      typescript:
        optional: true

  esbuild@0.27.2:
    resolution: {integrity: sha512-HyNQImnsOC7X9PMNaCIeAm4ISCQXs5a5YasTXVliKv4uuBo1dKrG0A+uQS8M5eXjVMnLg3WgXaKvprHlFJQffw==}
    engines: {node: '>=18'}
    hasBin: true

  exact-mirror@0.2.7:
    resolution: {integrity: sha512-+MeEmDcLA4o/vjK2zujgk+1VTxPR4hdp23qLqkWfStbECtAq9gmsvQa3LW6z/0GXZyHJobrCnmy1cdeE7BjsYg==}
    peerDependencies:
      '@sinclair/typebox': ^0.34.15
    peerDependenciesMeta:
      '@sinclair/typebox':
        optional: true

  fast-decode-uri-component@1.0.1:
    resolution: {integrity: sha512-WKgKWg5eUxvRZGwW8FvfbaH7AXSh2cL+3j5fMGzUMCxWBJ3dV3a7Wz8y2f/uQ0e3B6WmodD3oS54jTQ9HVTIIg==}

  file-type@21.3.0:
    resolution: {integrity: sha512-8kPJMIGz1Yt/aPEwOsrR97ZyZaD1Iqm8PClb1nYFclUCkBi0Ma5IsYNQzvSFS9ib51lWyIw5mIT9rWzI/xjpzA==}
    engines: {node: '>=20'}

  file-uri-to-path@1.0.0:
    resolution: {integrity: sha512-0Zt+s3L7Vf1biwWZ29aARiVYLx7iMGnEUl9x33fbB/j3jR81u/O2LbqK+Bm1CDSNDKVtJ/YjwY7TUd5SkeLQLw==}

  fsevents@2.3.3:
    resolution: {integrity: sha512-5xoDfX+fL7faATnagmWPpbFtwh/R77WmMMqqHGS65C3vvB0YHrgF+B1YmZ3441tMj5n63k0212XNoJwzlhffQw==}
    engines: {node: ^8.16.0 || ^10.6.0 || >=11.0.0}
    os: [darwin]

  get-tsconfig@4.13.1:
    resolution: {integrity: sha512-EoY1N2xCn44xU6750Sx7OjOIT59FkmstNc3X6y5xpz7D5cBtZRe/3pSlTkDJgqsOk3WwZPkWfonhhUJfttQo3w==}

  hookable@5.5.3:
    resolution: {integrity: sha512-Yc+BQe8SvoXH1643Qez1zqLRmbA5rCL+sSmk6TVos0LWVfNIB7PGncdlId77WzLGSIB5KaWgTaNTs2lNVEI6VQ==}

  ieee754@1.2.1:
    resolution: {integrity: sha512-dcyqhDvX1C46lXZcVqCpK+FtMRQVdIMN6/Df5js2zouUsqG7I6sFxitIC+7KYK29KdXOLHdu9zL4sFnoVQnqaA==}

  memoirist@0.4.0:
    resolution: {integrity: sha512-zxTgA0mSYELa66DimuNQDvyLq36AwDlTuVRbnQtB+VuTcKWm5Qc4z3WkSpgsFWHNhexqkIooqpv4hdcqrX5Nmg==}

  ms@2.1.3:
    resolution: {integrity: sha512-6FlzubTLZG3J2a/NVCAleEhjzq5oxgHyaCU9yYXvcLsvoVaHJq/s5xXI6/XXP6tz7R9xAOtHnSO/tXtF3WRTlA==}

  nan@2.25.0:
    resolution: {integrity: sha512-0M90Ag7Xn5KMLLZ7zliPWP3rT90P6PN+IzVFS0VqmnPktBk3700xUVv8Ikm9EUaUE5SDWdp/BIxdENzVznpm1g==}

  nanoid@5.1.6:
    resolution: {integrity: sha512-c7+7RQ+dMB5dPwwCp4ee1/iV/q2P6aK1mTZcfr1BTuVlyW9hJYiMPybJCcnBlQtuSmTIWNeazm/zqNoZSSElBg==}
    engines: {node: ^18 || >=20}
    hasBin: true

  openapi-types@12.1.3:
    resolution: {integrity: sha512-N4YtSYJqghVu4iek2ZUvcN/0aqH1kRDuNqzcycDxhOUpg7GdvLa2F3DgS6yBNhInhv2r/6I0Flkn7CqL8+nIcw==}

  pathe@1.1.2:
    resolution: {integrity: sha512-whLdWMYL2TwI08hn8/ZqAbrVemu0LNaNNJZX73O6qaIdCTfXutsLhMkjdENX0qhsQ9uIimo4/aQOmXkoon2nDQ==}

  resolve-pkg-maps@1.0.0:
    resolution: {integrity: sha512-seS2Tj26TBVOC2NIc2rOe2y2ZO7efxITtLZcGSOnHHNOQ7CkiUBfw0Iw2ck6xkIhPwLhKNLS8BO+hEpngQlqzw==}

  rpio@2.4.2:
    resolution: {integrity: sha512-SiWw2VorgUh+0hbu6eJkRGG+luvS9BboXz6PQl8Z49kJ+8Nn7R/b4ohybLIYSMbQqcW1WYqSooadDuv1VOAiFw==}
    engines: {node: '>=0.8'}

  srvx@0.11.4:
    resolution: {integrity: sha512-m/2p87bqWZ94xpRN06qNBwh0xq/D0dXajnvPDSHFqrTogxuTWYNP1UHz6Cf+oY7D+NPLY35TJAp4ESIKn0WArQ==}
    engines: {node: '>=20.16.0'}
    hasBin: true

  strtok3@10.3.4:
    resolution: {integrity: sha512-KIy5nylvC5le1OdaaoCJ07L+8iQzJHGH6pWDuzS+d07Cu7n1MZ2x26P8ZKIWfbK02+XIL8Mp4RkWeqdUCrDMfg==}
    engines: {node: '>=18'}

  token-types@6.1.2:
    resolution: {integrity: sha512-dRXchy+C0IgK8WPC6xvCHFRIWYUbqqdEIKPaKo/AcTUNzwLTK6AH7RjdLWsEZcAN/TBdtfUw3PYEgPr5VPr6ww==}
    engines: {node: '>=14.16'}

  tsx@4.21.0:
    resolution: {integrity: sha512-5C1sg4USs1lfG0GFb2RLXsdpXqBSEhAaA/0kPL01wxzpMqLILNxIxIOKiILz+cdg/pLnOUxFYOR5yhHU666wbw==}
    engines: {node: '>=18.0.0'}
    hasBin: true

  type-fest@4.41.0:
    resolution: {integrity: sha512-TeTSQ6H5YHvpqVwBRcnLDCBnDOHWYu7IvGbHT6N8AOymcr9PJGjc1GTtiWZTYg0NCgYwvnYWEkVChQAr9bjfwA==}
    engines: {node: '>=16'}

  typescript@5.9.3:
    resolution: {integrity: sha512-jl1vZzPDinLr9eUt3J/t7V6FgNEw9QjvBPdysz9KfQDD41fQrC2Y4vKQdiaUpFT4bXlb1RHhLpp8wtm6M5TgSw==}
    engines: {node: '>=14.17'}
    hasBin: true

  uint8array-extras@1.5.0:
    resolution: {integrity: sha512-rvKSBiC5zqCCiDZ9kAOszZcDvdAHwwIKJG33Ykj43OKcWsnmcBRL09YTU4nOeHZ8Y2a7l1MgTd08SBe9A8Qj6A==}
    engines: {node: '>=18'}

  undici-types@7.16.0:
    resolution: {integrity: sha512-Zz+aZWSj8LE6zoxD+xrjh4VfkIG8Ya6LvYkZqtUQGJPZjYl53ypCaUwWqo7eI0x66KBGeRo+mlBEkMSeSZ38Nw==}

  zhead@2.2.4:
    resolution: {integrity: sha512-8F0OI5dpWIA5IGG5NHUg9staDwz/ZPxZtvGVf01j7vHqSyZ0raHY+78atOVxRqb73AotX22uV1pXt3gYSstGag==}

  zod@3.25.76:
    resolution: {integrity: sha512-gzUt/qt81nXsFGKIFcC3YnfEAx5NkunCfnDlvuBSSFS02bcXu4Lmea0AFIUwbLWxWPx3d9p8S5QoaujKcNQxcQ==}

snapshots:

  '@borewit/text-codec@0.2.1': {}

  '@elysiajs/node@1.4.4(elysia@1.4.25(@sinclair/typebox@0.34.48)(exact-mirror@0.2.7(@sinclair/typebox@0.34.48))(file-type@21.3.0)(openapi-types@12.1.3)(typescript@5.9.3))':
    dependencies:
      crossws: 0.4.4(srvx@0.11.4)
      elysia: 1.4.25(@sinclair/typebox@0.34.48)(exact-mirror@0.2.7(@sinclair/typebox@0.34.48))(file-type@21.3.0)(openapi-types@12.1.3)(typescript@5.9.3)
      srvx: 0.11.4

  '@elysiajs/swagger@1.3.1(elysia@1.4.25(@sinclair/typebox@0.34.48)(exact-mirror@0.2.7(@sinclair/typebox@0.34.48))(file-type@21.3.0)(openapi-types@12.1.3)(typescript@5.9.3))':
    dependencies:
      '@scalar/themes': 0.9.86
      '@scalar/types': 0.0.12
      elysia: 1.4.25(@sinclair/typebox@0.34.48)(exact-mirror@0.2.7(@sinclair/typebox@0.34.48))(file-type@21.3.0)(openapi-types@12.1.3)(typescript@5.9.3)
      openapi-types: 12.1.3
      pathe: 1.1.2

  '@esbuild/aix-ppc64@0.27.2':
    optional: true

  '@esbuild/android-arm64@0.27.2':
    optional: true

  '@esbuild/android-arm@0.27.2':
    optional: true

  '@esbuild/android-x64@0.27.2':
    optional: true

  '@esbuild/darwin-arm64@0.27.2':
    optional: true

  '@esbuild/darwin-x64@0.27.2':
    optional: true

  '@esbuild/freebsd-arm64@0.27.2':
    optional: true

  '@esbuild/freebsd-x64@0.27.2':
    optional: true

  '@esbuild/linux-arm64@0.27.2':
    optional: true

  '@esbuild/linux-arm@0.27.2':
    optional: true

  '@esbuild/linux-ia32@0.27.2':
    optional: true

  '@esbuild/linux-loong64@0.27.2':
    optional: true

  '@esbuild/linux-mips64el@0.27.2':
    optional: true

  '@esbuild/linux-ppc64@0.27.2':
    optional: true

  '@esbuild/linux-riscv64@0.27.2':
    optional: true

  '@esbuild/linux-s390x@0.27.2':
    optional: true

  '@esbuild/linux-x64@0.27.2':
    optional: true

  '@esbuild/netbsd-arm64@0.27.2':
    optional: true

  '@esbuild/netbsd-x64@0.27.2':
    optional: true

  '@esbuild/openbsd-arm64@0.27.2':
    optional: true

  '@esbuild/openbsd-x64@0.27.2':
    optional: true

  '@esbuild/openharmony-arm64@0.27.2':
    optional: true

  '@esbuild/sunos-x64@0.27.2':
    optional: true

  '@esbuild/win32-arm64@0.27.2':
    optional: true

  '@esbuild/win32-ia32@0.27.2':
    optional: true

  '@esbuild/win32-x64@0.27.2':
    optional: true

  '@rf24/rf24-darwin-arm64@0.3.3':
    optional: true

  '@rf24/rf24-darwin-universal@0.3.3':
    optional: true

  '@rf24/rf24-darwin-x64@0.3.3':
    optional: true

  '@rf24/rf24-freebsd-x64@0.3.3':
    optional: true

  '@rf24/rf24-linux-arm-gnueabihf@0.3.3':
    optional: true

  '@rf24/rf24-linux-arm64-gnu@0.3.3':
    optional: true

  '@rf24/rf24-linux-arm64-musl@0.3.3':
    optional: true

  '@rf24/rf24-linux-x64-gnu@0.3.3':
    optional: true

  '@rf24/rf24-linux-x64-musl@0.3.3':
    optional: true

  '@rf24/rf24-win32-arm64-msvc@0.3.3':
    optional: true

  '@rf24/rf24-win32-ia32-msvc@0.3.3':
    optional: true

  '@rf24/rf24-win32-x64-msvc@0.3.3':
    optional: true

  '@rf24/rf24@0.3.3':
    optionalDependencies:
      '@rf24/rf24-darwin-arm64': 0.3.3
      '@rf24/rf24-darwin-universal': 0.3.3
      '@rf24/rf24-darwin-x64': 0.3.3
      '@rf24/rf24-freebsd-x64': 0.3.3
      '@rf24/rf24-linux-arm-gnueabihf': 0.3.3
      '@rf24/rf24-linux-arm64-gnu': 0.3.3
      '@rf24/rf24-linux-arm64-musl': 0.3.3
      '@rf24/rf24-linux-x64-gnu': 0.3.3
      '@rf24/rf24-linux-x64-musl': 0.3.3
      '@rf24/rf24-win32-arm64-msvc': 0.3.3
      '@rf24/rf24-win32-ia32-msvc': 0.3.3
      '@rf24/rf24-win32-x64-msvc': 0.3.3

  '@scalar/openapi-types@0.1.1': {}

  '@scalar/openapi-types@0.2.0':
    dependencies:
      zod: 3.25.76

  '@scalar/themes@0.9.86':
    dependencies:
      '@scalar/types': 0.1.7

  '@scalar/types@0.0.12':
    dependencies:
      '@scalar/openapi-types': 0.1.1
      '@unhead/schema': 1.11.20

  '@scalar/types@0.1.7':
    dependencies:
      '@scalar/openapi-types': 0.2.0
      '@unhead/schema': 1.11.20
      nanoid: 5.1.6
      type-fest: 4.41.0
      zod: 3.25.76

  '@sinclair/typebox@0.34.48': {}

  '@tokenizer/inflate@0.4.1':
    dependencies:
      debug: 4.4.3
      token-types: 6.1.2
    transitivePeerDependencies:
      - supports-color

  '@tokenizer/token@0.3.0': {}

  '@types/node@25.2.0':
    dependencies:
      undici-types: 7.16.0

  '@types/rpio@2.4.6':
    dependencies:
      '@types/node': 25.2.0

  '@unhead/schema@1.11.20':
    dependencies:
      hookable: 5.5.3
      zhead: 2.2.4

  bindings@1.5.0:
    dependencies:
      file-uri-to-path: 1.0.0

  cookie@1.1.1: {}

  crossws@0.4.4(srvx@0.11.4):
    optionalDependencies:
      srvx: 0.11.4

  debug@4.4.3:
    dependencies:
      ms: 2.1.3

  dotenv@17.3.1: {}

  elysia@1.4.25(@sinclair/typebox@0.34.48)(exact-mirror@0.2.7(@sinclair/typebox@0.34.48))(file-type@21.3.0)(openapi-types@12.1.3)(typescript@5.9.3):
    dependencies:
      '@sinclair/typebox': 0.34.48
      cookie: 1.1.1
      exact-mirror: 0.2.7(@sinclair/typebox@0.34.48)
      fast-decode-uri-component: 1.0.1
      file-type: 21.3.0
      memoirist: 0.4.0
      openapi-types: 12.1.3
    optionalDependencies:
      typescript: 5.9.3

  esbuild@0.27.2:
    optionalDependencies:
      '@esbuild/aix-ppc64': 0.27.2
      '@esbuild/android-arm': 0.27.2
      '@esbuild/android-arm64': 0.27.2
      '@esbuild/android-x64': 0.27.2
      '@esbuild/darwin-arm64': 0.27.2
      '@esbuild/darwin-x64': 0.27.2
      '@esbuild/freebsd-arm64': 0.27.2
      '@esbuild/freebsd-x64': 0.27.2
      '@esbuild/linux-arm': 0.27.2
      '@esbuild/linux-arm64': 0.27.2
      '@esbuild/linux-ia32': 0.27.2
      '@esbuild/linux-loong64': 0.27.2
      '@esbuild/linux-mips64el': 0.27.2
      '@esbuild/linux-ppc64': 0.27.2
      '@esbuild/linux-riscv64': 0.27.2
      '@esbuild/linux-s390x': 0.27.2
      '@esbuild/linux-x64': 0.27.2
      '@esbuild/netbsd-arm64': 0.27.2
      '@esbuild/netbsd-x64': 0.27.2
      '@esbuild/openbsd-arm64': 0.27.2
      '@esbuild/openbsd-x64': 0.27.2
      '@esbuild/openharmony-arm64': 0.27.2
      '@esbuild/sunos-x64': 0.27.2
      '@esbuild/win32-arm64': 0.27.2
      '@esbuild/win32-ia32': 0.27.2
      '@esbuild/win32-x64': 0.27.2

  exact-mirror@0.2.7(@sinclair/typebox@0.34.48):
    optionalDependencies:
      '@sinclair/typebox': 0.34.48

  fast-decode-uri-component@1.0.1: {}

  file-type@21.3.0:
    dependencies:
      '@tokenizer/inflate': 0.4.1
      strtok3: 10.3.4
      token-types: 6.1.2
      uint8array-extras: 1.5.0
    transitivePeerDependencies:
      - supports-color

  file-uri-to-path@1.0.0: {}

  fsevents@2.3.3:
    optional: true

  get-tsconfig@4.13.1:
    dependencies:
      resolve-pkg-maps: 1.0.0

  hookable@5.5.3: {}

  ieee754@1.2.1: {}

  memoirist@0.4.0: {}

  ms@2.1.3: {}

  nan@2.25.0: {}

  nanoid@5.1.6: {}

  openapi-types@12.1.3: {}

  pathe@1.1.2: {}

  resolve-pkg-maps@1.0.0: {}

  rpio@2.4.2:
    dependencies:
      bindings: 1.5.0
      nan: 2.25.0

  srvx@0.11.4: {}

  strtok3@10.3.4:
    dependencies:
      '@tokenizer/token': 0.3.0

  token-types@6.1.2:
    dependencies:
      '@borewit/text-codec': 0.2.1
      '@tokenizer/token': 0.3.0
      ieee754: 1.2.1

  tsx@4.21.0:
    dependencies:
      esbuild: 0.27.2
      get-tsconfig: 4.13.1
    optionalDependencies:
      fsevents: 2.3.3

  type-fest@4.41.0: {}

  typescript@5.9.3: {}

  uint8array-extras@1.5.0: {}

  undici-types@7.16.0: {}

  zhead@2.2.4: {}

  zod@3.25.76: {}
